Microsoft Visual Studio Solution File, Format Version 11.00
# Visual Studio 2008

Project("{07671A94-5563-9B38-AD18-87DEE6D067B6}") = "Time Shenanigans", "Assembly-CSharp-firstpass.csproj", "{1116BBA6-F9E2-EE9A-587E-6DC8CFEA936B}"
EndProject
Project("{07671A94-5563-9B38-AD18-87DEE6D067B6}") = "Time Shenanigans", "Assembly-UnityScript-firstpass.unityproj", "{060CD108-13ED-82DA-4194-5CF8CC254659}"
EndProject
Global
	GlobalSection(SolutionConfigurationPlatforms) = preSolution
		Debug|Any CPU = Debug|Any CPU
		Release|Any CPU = Release|Any CPU
	EndGlobalSection
	GlobalSection(ProjectConfigurationPlatforms) = postSolution
		{1116BBA6-F9E2-EE9A-587E-6DC8CFEA936B}.Debug|Any CPU.ActiveCfg = Debug|Any CPU
		{1116BBA6-F9E2-EE9A-587E-6DC8CFEA936B}.Debug|Any CPU.Build.0 = Debug|Any CPU
		{1116BBA6-F9E2-EE9A-587E-6DC8CFEA936B}.Release|Any CPU.ActiveCfg = Release|Any CPU
		{1116BBA6-F9E2-EE9A-587E-6DC8CFEA936B}.Release|Any CPU.Build.0 = Release|Any CPU
		{060CD108-13ED-82DA-4194-5CF8CC254659}.Debug|Any CPU.ActiveCfg = Debug|Any CPU
		{060CD108-13ED-82DA-4194-5CF8CC254659}.Debug|Any CPU.Build.0 = Debug|Any CPU
		{060CD108-13ED-82DA-4194-5CF8CC254659}.Release|Any CPU.ActiveCfg = Release|Any CPU
		{060CD108-13ED-82DA-4194-5CF8CC254659}.Release|Any CPU.Build.0 = Release|Any CPU
	EndGlobalSection
	GlobalSection(SolutionProperties) = preSolution
		HideSolutionNode = FALSE
	EndGlobalSection
									GlobalSection(MonoDevelopProperties) = preSolution
		StartupItem = Assembly-CSharp.csproj
		Policies = $0
		$0.TextStylePolicy = $1
		$1.inheritsSet = null
		$1.scope = text/x-csharp
		$0.CSharpFormattingPolicy = $2
		$2.inheritsSet = Mono
		$2.inheritsScope = text/x-csharp
		$2.scope = text/x-csharp
		$0.TextStylePolicy = $3
		$3.FileWidth = 120
		$3.TabWidth = 4
		$3.EolMarker = Unix
		$3.inheritsSet = Mono
		$3.inheritsScope = text/plain
		$3.scope = text/plain
	EndGlobalSection

EndGlobal
